{
	"name": "ytdl",
	"version": "1.0.0",
	"lockfileVersion": 2,
	"requires": true,
	"packages": {
		"": {
			"name": "ytdl",
			"version": "1.0.0",
			"license": "ISC",
			"dependencies": {
				"ffmpeg-static": "^5.0.0",
				"log-update": "^5.0.1",
				"sanitize-filename": "^1.6.3",
				"ytdl-core": "^4.11.0"
			},
			"devDependencies": {
				"@types/ffmpeg-static": "^3.0.1",
				"@types/node": "^18.0.0",
				"typescript": "^4.7.4"
			}
		},
		"node_modules/@derhuerst/http-basic": {
			"version": "8.2.2",
			"resolved": "https://registry.npmjs.org/@derhuerst/http-basic/-/http-basic-8.2.2.tgz",
			"integrity": "sha512-ek065nW95mleLHo8vZ+ob7QTQPNOwDEjCe27BX2flme/UTu9z2mD1uRRPko38u7al4tTZADMtozpll8PQHAZgg==",
			"dependencies": {
				"caseless": "^0.12.0",
				"concat-stream": "^1.6.2",
				"http-response-object": "^3.0.1",
				"parse-cache-control": "^1.0.1"
			},
			"engines": {
				"node": ">=6.0.0"
			}
		},
		"node_modules/@types/ffmpeg-static": {
			"version": "3.0.1",
			"resolved": "https://registry.npmjs.org/@types/ffmpeg-static/-/ffmpeg-static-3.0.1.tgz",
			"integrity": "sha512-hEJdQMv/g1olk9qTiWqh23BfbKsDKE6Tc7DilNJWF1MgZsU9fYOPKrgQ448vfT7aP2Yt5re9vgJDVv9TXEoTyQ==",
			"dev": true
		},
		"node_modules/@types/node": {
			"version": "18.0.0",
			"resolved": "https://registry.npmjs.org/@types/node/-/node-18.0.0.tgz",
			"integrity": "sha512-cHlGmko4gWLVI27cGJntjs/Sj8th9aYwplmZFwmmgYQQvL5NUsgVJG7OddLvNfLqYS31KFN0s3qlaD9qCaxACA==",
			"dev": true
		},
		"node_modules/agent-base": {
			"version": "6.0.2",
			"resolved": "https://registry.npmjs.org/agent-base/-/agent-base-6.0.2.tgz",
			"integrity": "sha512-RZNwNclF7+MS/8bDg70amg32dyeZGZxiDuQmZxKLAlQjr3jGyLx+4Kkk58UO7D2QdgFIQCovuSuZESne6RG6XQ==",
			"dependencies": {
				"debug": "4"
			},
			"engines": {
				"node": ">= 6.0.0"
			}
		},
		"node_modules/ansi-escapes": {
			"version": "5.0.0",
			"resolved": "https://registry.npmjs.org/ansi-escapes/-/ansi-escapes-5.0.0.tgz",
			"integrity": "sha512-5GFMVX8HqE/TB+FuBJGuO5XG0WrsA6ptUqoODaT/n9mmUaZFkqnBueB4leqGBCmrUHnCnC4PCZTCd0E7QQ83bA==",
			"dependencies": {
				"type-fest": "^1.0.2"
			},
			"engines": {
				"node": ">=12"
			},
			"funding": {
				"url": "https://github.com/sponsors/sindresorhus"
			}
		},
		"node_modules/ansi-regex": {
			"version": "6.0.1",
			"resolved": "https://registry.npmjs.org/ansi-regex/-/ansi-regex-6.0.1.tgz",
			"integrity": "sha512-n5M855fKb2SsfMIiFFoVrABHJC8QtHwVx+mHWP3QcEqBHYienj5dHSgjbxtC0WEZXYt4wcD6zrQElDPhFuZgfA==",
			"engines": {
				"node": ">=12"
			},
			"funding": {
				"url": "https://github.com/chalk/ansi-regex?sponsor=1"
			}
		},
		"node_modules/ansi-styles": {
			"version": "6.1.0",
			"resolved": "https://registry.npmjs.org/ansi-styles/-/ansi-styles-6.1.0.tgz",
			"integrity": "sha512-VbqNsoz55SYGczauuup0MFUyXNQviSpFTj1RQtFzmQLk18qbVSpTFFGMT293rmDaQuKCT6InmbuEyUne4mTuxQ==",
			"engines": {
				"node": ">=12"
			},
			"funding": {
				"url": "https://github.com/chalk/ansi-styles?sponsor=1"
			}
		},
		"node_modules/buffer-from": {
			"version": "1.1.2",
			"resolved": "https://registry.npmjs.org/buffer-from/-/buffer-from-1.1.2.tgz",
			"integrity": "sha512-E+XQCRwSbaaiChtv6k6Dwgc+bx+Bs6vuKJHHl5kox/BaKbhiXzqQOwK4cO22yElGp2OCmjwVhT3HmxgyPGnJfQ=="
		},
		"node_modules/caseless": {
			"version": "0.12.0",
			"resolved": "https://registry.npmjs.org/caseless/-/caseless-0.12.0.tgz",
			"integrity": "sha512-4tYFyifaFfGacoiObjJegolkwSU4xQNGbVgUiNYVUxbQ2x2lUsFvY4hVgVzGiIe6WLOPqycWXA40l+PWsxthUw=="
		},
		"node_modules/cli-cursor": {
			"version": "4.0.0",
			"resolved": "https://registry.npmjs.org/cli-cursor/-/cli-cursor-4.0.0.tgz",
			"integrity": "sha512-VGtlMu3x/4DOtIUwEkRezxUZ2lBacNJCHash0N0WeZDBS+7Ux1dm3XWAgWYxLJFMMdOeXMHXorshEFhbMSGelg==",
			"dependencies": {
				"restore-cursor": "^4.0.0"
			},
			"engines": {
				"node": "^12.20.0 || ^14.13.1 || >=16.0.0"
			},
			"funding": {
				"url": "https://github.com/sponsors/sindresorhus"
			}
		},
		"node_modules/concat-stream": {
			"version": "1.6.2",
			"resolved": "https://registry.npmjs.org/concat-stream/-/concat-stream-1.6.2.tgz",
			"integrity": "sha512-27HBghJxjiZtIk3Ycvn/4kbJk/1uZuJFfuPEns6LaEvpvG1f0hTea8lilrouyo9mVc2GWdcEZ8OLoGmSADlrCw==",
			"engines": [
				"node >= 0.8"
			],
			"dependencies": {
				"buffer-from": "^1.0.0",
				"inherits": "^2.0.3",
				"readable-stream": "^2.2.2",
				"typedarray": "^0.0.6"
			}
		},
		"node_modules/core-util-is": {
			"version": "1.0.3",
			"resolved": "https://registry.npmjs.org/core-util-is/-/core-util-is-1.0.3.tgz",
			"integrity": "sha512-ZQBvi1DcpJ4GDqanjucZ2Hj3wEO5pZDS89BWbkcrvdxksJorwUDDZamX9ldFkp9aw2lmBDLgkObEA4DWNJ9FYQ=="
		},
		"node_modules/debug": {
			"version": "4.3.4",
			"resolved": "https://registry.npmjs.org/debug/-/debug-4.3.4.tgz",
			"integrity": "sha512-PRWFHuSU3eDtQJPvnNY7Jcket1j0t5OuOsFzPPzsekD52Zl8qUfFIPEiswXqIvHWGVHOgX+7G/vCNNhehwxfkQ==",
			"dependencies": {
				"ms": "2.1.2"
			},
			"engines": {
				"node": ">=6.0"
			},
			"peerDependenciesMeta": {
				"supports-color": {
					"optional": true
				}
			}
		},
		"node_modules/eastasianwidth": {
			"version": "0.2.0",
			"resolved": "https://registry.npmjs.org/eastasianwidth/-/eastasianwidth-0.2.0.tgz",
			"integrity": "sha512-I88TYZWc9XiYHRQ4/3c5rjjfgkjhLyW2luGIheGERbNQ6OY7yTybanSpDXZa8y7VUP9YmDcYa+eyq4ca7iLqWA=="
		},
		"node_modules/emoji-regex": {
			"version": "9.2.2",
			"resolved": "https://registry.npmjs.org/emoji-regex/-/emoji-regex-9.2.2.tgz",
			"integrity": "sha512-L18DaJsXSUk2+42pv8mLs5jJT2hqFkFE4j21wOmgbUqsZ2hL72NsUU785g9RXgo3s0ZNgVl42TiHp3ZtOv/Vyg=="
		},
		"node_modules/env-paths": {
			"version": "2.2.1",
			"resolved": "https://registry.npmjs.org/env-paths/-/env-paths-2.2.1.tgz",
			"integrity": "sha512-+h1lkLKhZMTYjog1VEpJNG7NZJWcuc2DDk/qsqSTRRCOXiLjeQ1d1/udrUGhqMxUgAlwKNZ0cf2uqan5GLuS2A==",
			"engines": {
				"node": ">=6"
			}
		},
		"node_modules/ffmpeg-static": {
			"version": "5.0.0",
			"resolved": "https://registry.npmjs.org/ffmpeg-static/-/ffmpeg-static-5.0.0.tgz",
			"integrity": "sha512-z96jGVa8uCVMnyrTvbDZe0d5zbvIVQnfBN+vKDZoVK+ssYpfUJGEmo2DkuY43CA9Ytlsk+5ZVTFTqzvKw1gSaA==",
			"hasInstallScript": true,
			"dependencies": {
				"@derhuerst/http-basic": "^8.2.0",
				"env-paths": "^2.2.0",
				"https-proxy-agent": "^5.0.0",
				"progress": "^2.0.3"
			},
			"engines": {
				"node": ">=16"
			}
		},
		"node_modules/http-response-object": {
			"version": "3.0.2",
			"resolved": "https://registry.npmjs.org/http-response-object/-/http-response-object-3.0.2.tgz",
			"integrity": "sha512-bqX0XTF6fnXSQcEJ2Iuyr75yVakyjIDCqroJQ/aHfSdlM743Cwqoi2nDYMzLGWUcuTWGWy8AAvOKXTfiv6q9RA==",
			"dependencies": {
				"@types/node": "^10.0.3"
			}
		},
		"node_modules/http-response-object/node_modules/@types/node": {
			"version": "10.17.60",
			"resolved": "https://registry.npmjs.org/@types/node/-/node-10.17.60.tgz",
			"integrity": "sha512-F0KIgDJfy2nA3zMLmWGKxcH2ZVEtCZXHHdOQs2gSaQ27+lNeEfGxzkIw90aXswATX7AZ33tahPbzy6KAfUreVw=="
		},
		"node_modules/https-proxy-agent": {
			"version": "5.0.1",
			"resolved": "https://registry.npmjs.org/https-proxy-agent/-/https-proxy-agent-5.0.1.tgz",
			"integrity": "sha512-dFcAjpTQFgoLMzC2VwU+C/CbS7uRL0lWmxDITmqm7C+7F0Odmj6s9l6alZc6AELXhrnggM2CeWSXHGOdX2YtwA==",
			"dependencies": {
				"agent-base": "6",
				"debug": "4"
			},
			"engines": {
				"node": ">= 6"
			}
		},
		"node_modules/inherits": {
			"version": "2.0.4",
			"resolved": "https://registry.npmjs.org/inherits/-/inherits-2.0.4.tgz",
			"integrity": "sha512-k/vGaX4/Yla3WzyMCvTQOXYeIHvqOKtnqBduzTHpzpQZzAskKMhZ2K+EnBiSM9zGSoIFeMpXKxa4dYeZIQqewQ=="
		},
		"node_modules/is-fullwidth-code-point": {
			"version": "4.0.0",
			"resolved": "https://registry.npmjs.org/is-fullwidth-code-point/-/is-fullwidth-code-point-4.0.0.tgz",
			"integrity": "sha512-O4L094N2/dZ7xqVdrXhh9r1KODPJpFms8B5sGdJLPy664AgvXsreZUyCQQNItZRDlYug4xStLjNp/sz3HvBowQ==",
			"engines": {
				"node": ">=12"
			},
			"funding": {
				"url": "https://github.com/sponsors/sindresorhus"
			}
		},
		"node_modules/isarray": {
			"version": "1.0.0",
			"resolved": "https://registry.npmjs.org/isarray/-/isarray-1.0.0.tgz",
			"integrity": "sha512-VLghIWNM6ELQzo7zwmcg0NmTVyWKYjvIeM83yjp0wRDTmUnrM678fQbcKBo6n2CJEF0szoG//ytg+TKla89ALQ=="
		},
		"node_modules/log-update": {
			"version": "5.0.1",
			"resolved": "https://registry.npmjs.org/log-update/-/log-update-5.0.1.tgz",
			"integrity": "sha512-5UtUDQ/6edw4ofyljDNcOVJQ4c7OjDro4h3y8e1GQL5iYElYclVHJ3zeWchylvMaKnDbDilC8irOVyexnA/Slw==",
			"dependencies": {
				"ansi-escapes": "^5.0.0",
				"cli-cursor": "^4.0.0",
				"slice-ansi": "^5.0.0",
				"strip-ansi": "^7.0.1",
				"wrap-ansi": "^8.0.1"
			},
			"engines": {
				"node": "^12.20.0 || ^14.13.1 || >=16.0.0"
			},
			"funding": {
				"url": "https://github.com/sponsors/sindresorhus"
			}
		},
		"node_modules/m3u8stream": {
			"version": "0.8.6",
			"resolved": "https://registry.npmjs.org/m3u8stream/-/m3u8stream-0.8.6.tgz",
			"integrity": "sha512-LZj8kIVf9KCphiHmH7sbFQTVe4tOemb202fWwvJwR9W5ENW/1hxJN6ksAWGhQgSBSa3jyWhnjKU1Fw1GaOdbyA==",
			"dependencies": {
				"miniget": "^4.2.2",
				"sax": "^1.2.4"
			},
			"engines": {
				"node": ">=12"
			}
		},
		"node_modules/mimic-fn": {
			"version": "2.1.0",
			"resolved": "https://registry.npmjs.org/mimic-fn/-/mimic-fn-2.1.0.tgz",
			"integrity": "sha512-OqbOk5oEQeAZ8WXWydlu9HJjz9WVdEIvamMCcXmuqUYjTknH/sqsWvhQ3vgwKFRR1HpjvNBKQ37nbJgYzGqGcg==",
			"engines": {
				"node": ">=6"
			}
		},
		"node_modules/miniget": {
			"version": "4.2.2",
			"resolved": "https://registry.npmjs.org/miniget/-/miniget-4.2.2.tgz",
			"integrity": "sha512-a7voNL1N5lDMxvTMExOkg+Fq89jM2vY8pAi9ZEWzZtfNmdfP6RXkvUtFnCAXoCv2T9k1v/fUJVaAEuepGcvLYA==",
			"engines": {
				"node": ">=12"
			}
		},
		"node_modules/ms": {
			"version": "2.1.2",
			"resolved": "https://registry.npmjs.org/ms/-/ms-2.1.2.tgz",
			"integrity": "sha512-sGkPx+VjMtmA6MX27oA4FBFELFCZZ4S4XqeGOXCv68tT+jb3vk/RyaKWP0PTKyWtmLSM0b+adUTEvbs1PEaH2w=="
		},
		"node_modules/onetime": {
			"version": "5.1.2",
			"resolved": "https://registry.npmjs.org/onetime/-/onetime-5.1.2.tgz",
			"integrity": "sha512-kbpaSSGJTWdAY5KPVeMOKXSrPtr8C8C7wodJbcsd51jRnmD+GZu8Y0VoU6Dm5Z4vWr0Ig/1NKuWRKf7j5aaYSg==",
			"dependencies": {
				"mimic-fn": "^2.1.0"
			},
			"engines": {
				"node": ">=6"
			},
			"funding": {
				"url": "https://github.com/sponsors/sindresorhus"
			}
		},
		"node_modules/parse-cache-control": {
			"version": "1.0.1",
			"resolved": "https://registry.npmjs.org/parse-cache-control/-/parse-cache-control-1.0.1.tgz",
			"integrity": "sha512-60zvsJReQPX5/QP0Kzfd/VrpjScIQ7SHBW6bFCYfEP+fp0Eppr1SHhIO5nd1PjZtvclzSzES9D/p5nFJurwfWg=="
		},
		"node_modules/process-nextick-args": {
			"version": "2.0.1",
			"resolved": "https://registry.npmjs.org/process-nextick-args/-/process-nextick-args-2.0.1.tgz",
			"integrity": "sha512-3ouUOpQhtgrbOa17J7+uxOTpITYWaGP7/AhoR3+A+/1e9skrzelGi/dXzEYyvbxubEF6Wn2ypscTKiKJFFn1ag=="
		},
		"node_modules/progress": {
			"version": "2.0.3",
			"resolved": "https://registry.npmjs.org/progress/-/progress-2.0.3.tgz",
			"integrity": "sha512-7PiHtLll5LdnKIMw100I+8xJXR5gW2QwWYkT6iJva0bXitZKa/XMrSbdmg3r2Xnaidz9Qumd0VPaMrZlF9V9sA==",
			"engines": {
				"node": ">=0.4.0"
			}
		},
		"node_modules/readable-stream": {
			"version": "2.3.7",
			"resolved": "https://registry.npmjs.org/readable-stream/-/readable-stream-2.3.7.tgz",
			"integrity": "sha512-Ebho8K4jIbHAxnuxi7o42OrZgF/ZTNcsZj6nRKyUmkhLFq8CHItp/fy6hQZuZmP/n3yZ9VBUbp4zz/mX8hmYPw==",
			"dependencies": {
				"core-util-is": "~1.0.0",
				"inherits": "~2.0.3",
				"isarray": "~1.0.0",
				"process-nextick-args": "~2.0.0",
				"safe-buffer": "~5.1.1",
				"string_decoder": "~1.1.1",
				"util-deprecate": "~1.0.1"
			}
		},
		"node_modules/restore-cursor": {
			"version": "4.0.0",
			"resolved": "https://registry.npmjs.org/restore-cursor/-/restore-cursor-4.0.0.tgz",
			"integrity": "sha512-I9fPXU9geO9bHOt9pHHOhOkYerIMsmVaWB0rA2AI9ERh/+x/i7MV5HKBNrg+ljO5eoPVgCcnFuRjJ9uH6I/3eg==",
			"dependencies": {
				"onetime": "^5.1.0",
				"signal-exit": "^3.0.2"
			},
			"engines": {
				"node": "^12.20.0 || ^14.13.1 || >=16.0.0"
			},
			"funding": {
				"url": "https://github.com/sponsors/sindresorhus"
			}
		},
		"node_modules/safe-buffer": {
			"version": "5.1.2",
			"resolved": "https://registry.npmjs.org/safe-buffer/-/safe-buffer-5.1.2.tgz",
			"integrity": "sha512-Gd2UZBJDkXlY7GbJxfsE8/nvKkUEU1G38c1siN6QP6a9PT9MmHB8GnpscSmMJSoF8LOIrt8ud/wPtojys4G6+g=="
		},
		"node_modules/sanitize-filename": {
			"version": "1.6.3",
			"resolved": "https://registry.npmjs.org/sanitize-filename/-/sanitize-filename-1.6.3.tgz",
			"integrity": "sha512-y/52Mcy7aw3gRm7IrcGDFx/bCk4AhRh2eI9luHOQM86nZsqwiRkkq2GekHXBBD+SmPidc8i2PqtYZl+pWJ8Oeg==",
			"dependencies": {
				"truncate-utf8-bytes": "^1.0.0"
			}
		},
		"node_modules/sax": {
			"version": "1.2.4",
			"resolved": "https://registry.npmjs.org/sax/-/sax-1.2.4.tgz",
			"integrity": "sha512-NqVDv9TpANUjFm0N8uM5GxL36UgKi9/atZw+x7YFnQ8ckwFGKrl4xX4yWtrey3UJm5nP1kUbnYgLopqWNSRhWw=="
		},
		"node_modules/signal-exit": {
			"version": "3.0.7",
			"resolved": "https://registry.npmjs.org/signal-exit/-/signal-exit-3.0.7.tgz",
			"integrity": "sha512-wnD2ZE+l+SPC/uoS0vXeE9L1+0wuaMqKlfz9AMUo38JsyLSBWSFcHR1Rri62LZc12vLr1gb3jl7iwQhgwpAbGQ=="
		},
		"node_modules/slice-ansi": {
			"version": "5.0.0",
			"resolved": "https://registry.npmjs.org/slice-ansi/-/slice-ansi-5.0.0.tgz",
			"integrity": "sha512-FC+lgizVPfie0kkhqUScwRu1O/lF6NOgJmlCgK+/LYxDCTk8sGelYaHDhFcDN+Sn3Cv+3VSa4Byeo+IMCzpMgQ==",
			"dependencies": {
				"ansi-styles": "^6.0.0",
				"is-fullwidth-code-point": "^4.0.0"
			},
			"engines": {
				"node": ">=12"
			},
			"funding": {
				"url": "https://github.com/chalk/slice-ansi?sponsor=1"
			}
		},
		"node_modules/string_decoder": {
			"version": "1.1.1",
			"resolved": "https://registry.npmjs.org/string_decoder/-/string_decoder-1.1.1.tgz",
			"integrity": "sha512-n/ShnvDi6FHbbVfviro+WojiFzv+s8MPMHBczVePfUpDJLwoLT0ht1l4YwBCbi8pJAveEEdnkHyPyTP/mzRfwg==",
			"dependencies": {
				"safe-buffer": "~5.1.0"
			}
		},
		"node_modules/string-width": {
			"version": "5.1.2",
			"resolved": "https://registry.npmjs.org/string-width/-/string-width-5.1.2.tgz",
			"integrity": "sha512-HnLOCR3vjcY8beoNLtcjZ5/nxn2afmME6lhrDrebokqMap+XbeW8n9TXpPDOqdGK5qcI3oT0GKTW6wC7EMiVqA==",
			"dependencies": {
				"eastasianwidth": "^0.2.0",
				"emoji-regex": "^9.2.2",
				"strip-ansi": "^7.0.1"
			},
			"engines": {
				"node": ">=12"
			},
			"funding": {
				"url": "https://github.com/sponsors/sindresorhus"
			}
		},
		"node_modules/strip-ansi": {
			"version": "7.0.1",
			"resolved": "https://registry.npmjs.org/strip-ansi/-/strip-ansi-7.0.1.tgz",
			"integrity": "sha512-cXNxvT8dFNRVfhVME3JAe98mkXDYN2O1l7jmcwMnOslDeESg1rF/OZMtK0nRAhiari1unG5cD4jG3rapUAkLbw==",
			"dependencies": {
				"ansi-regex": "^6.0.1"
			},
			"engines": {
				"node": ">=12"
			},
			"funding": {
				"url": "https://github.com/chalk/strip-ansi?sponsor=1"
			}
		},
		"node_modules/truncate-utf8-bytes": {
			"version": "1.0.2",
			"resolved": "https://registry.npmjs.org/truncate-utf8-bytes/-/truncate-utf8-bytes-1.0.2.tgz",
			"integrity": "sha512-95Pu1QXQvruGEhv62XCMO3Mm90GscOCClvrIUwCM0PYOXK3kaF3l3sIHxx71ThJfcbM2O5Au6SO3AWCSEfW4mQ==",
			"dependencies": {
				"utf8-byte-length": "^1.0.1"
			}
		},
		"node_modules/type-fest": {
			"version": "1.4.0",
			"resolved": "https://registry.npmjs.org/type-fest/-/type-fest-1.4.0.tgz",
			"integrity": "sha512-yGSza74xk0UG8k+pLh5oeoYirvIiWo5t0/o3zHHAO2tRDiZcxWP7fywNlXhqb6/r6sWvwi+RsyQMWhVLe4BVuA==",
			"engines": {
				"node": ">=10"
			},
			"funding": {
				"url": "https://github.com/sponsors/sindresorhus"
			}
		},
		"node_modules/typedarray": {
			"version": "0.0.6",
			"resolved": "https://registry.npmjs.org/typedarray/-/typedarray-0.0.6.tgz",
			"integrity": "sha512-/aCDEGatGvZ2BIk+HmLf4ifCJFwvKFNb9/JeZPMulfgFracn9QFcAf5GO8B/mweUjSoblS5In0cWhqpfs/5PQA=="
		},
		"node_modules/typescript": {
			"version": "4.7.4",
			"resolved": "https://registry.npmjs.org/typescript/-/typescript-4.7.4.tgz",
			"integrity": "sha512-C0WQT0gezHuw6AdY1M2jxUO83Rjf0HP7Sk1DtXj6j1EwkQNZrHAg2XPWlq62oqEhYvONq5pkC2Y9oPljWToLmQ==",
			"dev": true,
			"bin": {
				"tsc": "bin/tsc",
				"tsserver": "bin/tsserver"
			},
			"engines": {
				"node": ">=4.2.0"
			}
		},
		"node_modules/utf8-byte-length": {
			"version": "1.0.4",
			"resolved": "https://registry.npmjs.org/utf8-byte-length/-/utf8-byte-length-1.0.4.tgz",
			"integrity": "sha512-4+wkEYLBbWxqTahEsWrhxepcoVOJ+1z5PGIjPZxRkytcdSUaNjIjBM7Xn8E+pdSuV7SzvWovBFA54FO0JSoqhA=="
		},
		"node_modules/util-deprecate": {
			"version": "1.0.2",
			"resolved": "https://registry.npmjs.org/util-deprecate/-/util-deprecate-1.0.2.tgz",
			"integrity": "sha512-EPD5q1uXyFxJpCrLnCc1nHnq3gOa6DZBocAIiI2TaSCA7VCJ1UJDMagCzIkXNsUYfD1daK//LTEQ8xiIbrHtcw=="
		},
		"node_modules/wrap-ansi": {
			"version": "8.0.1",
			"resolved": "https://registry.npmjs.org/wrap-ansi/-/wrap-ansi-8.0.1.tgz",
			"integrity": "sha512-QFF+ufAqhoYHvoHdajT/Po7KoXVBPXS2bgjIam5isfWJPfIOnQZ50JtUiVvCv/sjgacf3yRrt2ZKUZ/V4itN4g==",
			"dependencies": {
				"ansi-styles": "^6.1.0",
				"string-width": "^5.0.1",
				"strip-ansi": "^7.0.1"
			},
			"engines": {
				"node": ">=12"
			},
			"funding": {
				"url": "https://github.com/chalk/wrap-ansi?sponsor=1"
			}
		},
		"node_modules/ytdl-core": {
			"version": "4.11.0",
			"resolved": "https://registry.npmjs.org/ytdl-core/-/ytdl-core-4.11.0.tgz",
			"integrity": "sha512-Q3hCLiUA9AOGQXzPvno14GN+HgF9wsO1ZBHlj0COTcyxjIyFpWvMfii0UC4/cAbVaIjEdbWB71GdcGuc4J1Lmw==",
			"dependencies": {
				"m3u8stream": "^0.8.6",
				"miniget": "^4.2.2",
				"sax": "^1.1.3"
			},
			"engines": {
				"node": ">=12"
			}
		}
	},
	"dependencies": {
		"@derhuerst/http-basic": {
			"version": "8.2.2",
			"resolved": "https://registry.npmjs.org/@derhuerst/http-basic/-/http-basic-8.2.2.tgz",
			"integrity": "sha512-ek065nW95mleLHo8vZ+ob7QTQPNOwDEjCe27BX2flme/UTu9z2mD1uRRPko38u7al4tTZADMtozpll8PQHAZgg==",
			"requires": {
				"caseless": "^0.12.0",
				"concat-stream": "^1.6.2",
				"http-response-object": "^3.0.1",
				"parse-cache-control": "^1.0.1"
			}
		},
		"@types/ffmpeg-static": {
			"version": "3.0.1",
			"resolved": "https://registry.npmjs.org/@types/ffmpeg-static/-/ffmpeg-static-3.0.1.tgz",
			"integrity": "sha512-hEJdQMv/g1olk9qTiWqh23BfbKsDKE6Tc7DilNJWF1MgZsU9fYOPKrgQ448vfT7aP2Yt5re9vgJDVv9TXEoTyQ==",
			"dev": true
		},
		"@types/node": {
			"version": "18.0.0",
			"resolved": "https://registry.npmjs.org/@types/node/-/node-18.0.0.tgz",
			"integrity": "sha512-cHlGmko4gWLVI27cGJntjs/Sj8th9aYwplmZFwmmgYQQvL5NUsgVJG7OddLvNfLqYS31KFN0s3qlaD9qCaxACA==",
			"dev": true
		},
		"agent-base": {
			"version": "6.0.2",
			"resolved": "https://registry.npmjs.org/agent-base/-/agent-base-6.0.2.tgz",
			"integrity": "sha512-RZNwNclF7+MS/8bDg70amg32dyeZGZxiDuQmZxKLAlQjr3jGyLx+4Kkk58UO7D2QdgFIQCovuSuZESne6RG6XQ==",
			"requires": {
				"debug": "4"
			}
		},
		"ansi-escapes": {
			"version": "5.0.0",
			"resolved": "https://registry.npmjs.org/ansi-escapes/-/ansi-escapes-5.0.0.tgz",
			"integrity": "sha512-5GFMVX8HqE/TB+FuBJGuO5XG0WrsA6ptUqoODaT/n9mmUaZFkqnBueB4leqGBCmrUHnCnC4PCZTCd0E7QQ83bA==",
			"requires": {
				"type-fest": "^1.0.2"
			}
		},
		"ansi-regex": {
			"version": "6.0.1",
			"resolved": "https://registry.npmjs.org/ansi-regex/-/ansi-regex-6.0.1.tgz",
			"integrity": "sha512-n5M855fKb2SsfMIiFFoVrABHJC8QtHwVx+mHWP3QcEqBHYienj5dHSgjbxtC0WEZXYt4wcD6zrQElDPhFuZgfA=="
		},
		"ansi-styles": {
			"version": "6.1.0",
			"resolved": "https://registry.npmjs.org/ansi-styles/-/ansi-styles-6.1.0.tgz",
			"integrity": "sha512-VbqNsoz55SYGczauuup0MFUyXNQviSpFTj1RQtFzmQLk18qbVSpTFFGMT293rmDaQuKCT6InmbuEyUne4mTuxQ=="
		},
		"buffer-from": {
			"version": "1.1.2",
			"resolved": "https://registry.npmjs.org/buffer-from/-/buffer-from-1.1.2.tgz",
			"integrity": "sha512-E+XQCRwSbaaiChtv6k6Dwgc+bx+Bs6vuKJHHl5kox/BaKbhiXzqQOwK4cO22yElGp2OCmjwVhT3HmxgyPGnJfQ=="
		},
		"caseless": {
			"version": "0.12.0",
			"resolved": "https://registry.npmjs.org/caseless/-/caseless-0.12.0.tgz",
			"integrity": "sha512-4tYFyifaFfGacoiObjJegolkwSU4xQNGbVgUiNYVUxbQ2x2lUsFvY4hVgVzGiIe6WLOPqycWXA40l+PWsxthUw=="
		},
		"cli-cursor": {
			"version": "4.0.0",
			"resolved": "https://registry.npmjs.org/cli-cursor/-/cli-cursor-4.0.0.tgz",
			"integrity": "sha512-VGtlMu3x/4DOtIUwEkRezxUZ2lBacNJCHash0N0WeZDBS+7Ux1dm3XWAgWYxLJFMMdOeXMHXorshEFhbMSGelg==",
			"requires": {
				"restore-cursor": "^4.0.0"
			}
		},
		"concat-stream": {
			"version": "1.6.2",
			"resolved": "https://registry.npmjs.org/concat-stream/-/concat-stream-1.6.2.tgz",
			"integrity": "sha512-27HBghJxjiZtIk3Ycvn/4kbJk/1uZuJFfuPEns6LaEvpvG1f0hTea8lilrouyo9mVc2GWdcEZ8OLoGmSADlrCw==",
			"requires": {
				"buffer-from": "^1.0.0",
				"inherits": "^2.0.3",
				"readable-stream": "^2.2.2",
				"typedarray": "^0.0.6"
			}
		},
		"core-util-is": {
			"version": "1.0.3",
			"resolved": "https://registry.npmjs.org/core-util-is/-/core-util-is-1.0.3.tgz",
			"integrity": "sha512-ZQBvi1DcpJ4GDqanjucZ2Hj3wEO5pZDS89BWbkcrvdxksJorwUDDZamX9ldFkp9aw2lmBDLgkObEA4DWNJ9FYQ=="
		},
		"debug": {
			"version": "4.3.4",
			"resolved": "https://registry.npmjs.org/debug/-/debug-4.3.4.tgz",
			"integrity": "sha512-PRWFHuSU3eDtQJPvnNY7Jcket1j0t5OuOsFzPPzsekD52Zl8qUfFIPEiswXqIvHWGVHOgX+7G/vCNNhehwxfkQ==",
			"requires": {
				"ms": "2.1.2"
			}
		},
		"eastasianwidth": {
			"version": "0.2.0",
			"resolved": "https://registry.npmjs.org/eastasianwidth/-/eastasianwidth-0.2.0.tgz",
			"integrity": "sha512-I88TYZWc9XiYHRQ4/3c5rjjfgkjhLyW2luGIheGERbNQ6OY7yTybanSpDXZa8y7VUP9YmDcYa+eyq4ca7iLqWA=="
		},
		"emoji-regex": {
			"version": "9.2.2",
			"resolved": "https://registry.npmjs.org/emoji-regex/-/emoji-regex-9.2.2.tgz",
			"integrity": "sha512-L18DaJsXSUk2+42pv8mLs5jJT2hqFkFE4j21wOmgbUqsZ2hL72NsUU785g9RXgo3s0ZNgVl42TiHp3ZtOv/Vyg=="
		},
		"env-paths": {
			"version": "2.2.1",
			"resolved": "https://registry.npmjs.org/env-paths/-/env-paths-2.2.1.tgz",
			"integrity": "sha512-+h1lkLKhZMTYjog1VEpJNG7NZJWcuc2DDk/qsqSTRRCOXiLjeQ1d1/udrUGhqMxUgAlwKNZ0cf2uqan5GLuS2A=="
		},
		"ffmpeg-static": {
			"version": "5.0.0",
			"resolved": "https://registry.npmjs.org/ffmpeg-static/-/ffmpeg-static-5.0.0.tgz",
			"integrity": "sha512-z96jGVa8uCVMnyrTvbDZe0d5zbvIVQnfBN+vKDZoVK+ssYpfUJGEmo2DkuY43CA9Ytlsk+5ZVTFTqzvKw1gSaA==",
			"requires": {
				"@derhuerst/http-basic": "^8.2.0",
				"env-paths": "^2.2.0",
				"https-proxy-agent": "^5.0.0",
				"progress": "^2.0.3"
			}
		},
		"http-response-object": {
			"version": "3.0.2",
			"resolved": "https://registry.npmjs.org/http-response-object/-/http-response-object-3.0.2.tgz",
			"integrity": "sha512-bqX0XTF6fnXSQcEJ2Iuyr75yVakyjIDCqroJQ/aHfSdlM743Cwqoi2nDYMzLGWUcuTWGWy8AAvOKXTfiv6q9RA==",
			"requires": {
				"@types/node": "^10.0.3"
			},
			"dependencies": {
				"@types/node": {
					"version": "10.17.60",
					"resolved": "https://registry.npmjs.org/@types/node/-/node-10.17.60.tgz",
					"integrity": "sha512-F0KIgDJfy2nA3zMLmWGKxcH2ZVEtCZXHHdOQs2gSaQ27+lNeEfGxzkIw90aXswATX7AZ33tahPbzy6KAfUreVw=="
				}
			}
		},
		"https-proxy-agent": {
			"version": "5.0.1",
			"resolved": "https://registry.npmjs.org/https-proxy-agent/-/https-proxy-agent-5.0.1.tgz",
			"integrity": "sha512-dFcAjpTQFgoLMzC2VwU+C/CbS7uRL0lWmxDITmqm7C+7F0Odmj6s9l6alZc6AELXhrnggM2CeWSXHGOdX2YtwA==",
			"requires": {
				"agent-base": "6",
				"debug": "4"
			}
		},
		"inherits": {
			"version": "2.0.4",
			"resolved": "https://registry.npmjs.org/inherits/-/inherits-2.0.4.tgz",
			"integrity": "sha512-k/vGaX4/Yla3WzyMCvTQOXYeIHvqOKtnqBduzTHpzpQZzAskKMhZ2K+EnBiSM9zGSoIFeMpXKxa4dYeZIQqewQ=="
		},
		"is-fullwidth-code-point": {
			"version": "4.0.0",
			"resolved": "https://registry.npmjs.org/is-fullwidth-code-point/-/is-fullwidth-code-point-4.0.0.tgz",
			"integrity": "sha512-O4L094N2/dZ7xqVdrXhh9r1KODPJpFms8B5sGdJLPy664AgvXsreZUyCQQNItZRDlYug4xStLjNp/sz3HvBowQ=="
		},
		"isarray": {
			"version": "1.0.0",
			"resolved": "https://registry.npmjs.org/isarray/-/isarray-1.0.0.tgz",
			"integrity": "sha512-VLghIWNM6ELQzo7zwmcg0NmTVyWKYjvIeM83yjp0wRDTmUnrM678fQbcKBo6n2CJEF0szoG//ytg+TKla89ALQ=="
		},
		"log-update": {
			"version": "5.0.1",
			"resolved": "https://registry.npmjs.org/log-update/-/log-update-5.0.1.tgz",
			"integrity": "sha512-5UtUDQ/6edw4ofyljDNcOVJQ4c7OjDro4h3y8e1GQL5iYElYclVHJ3zeWchylvMaKnDbDilC8irOVyexnA/Slw==",
			"requires": {
				"ansi-escapes": "^5.0.0",
				"cli-cursor": "^4.0.0",
				"slice-ansi": "^5.0.0",
				"strip-ansi": "^7.0.1",
				"wrap-ansi": "^8.0.1"
			}
		},
		"m3u8stream": {
			"version": "0.8.6",
			"resolved": "https://registry.npmjs.org/m3u8stream/-/m3u8stream-0.8.6.tgz",
			"integrity": "sha512-LZj8kIVf9KCphiHmH7sbFQTVe4tOemb202fWwvJwR9W5ENW/1hxJN6ksAWGhQgSBSa3jyWhnjKU1Fw1GaOdbyA==",
			"requires": {
				"miniget": "^4.2.2",
				"sax": "^1.2.4"
			}
		},
		"mimic-fn": {
			"version": "2.1.0",
			"resolved": "https://registry.npmjs.org/mimic-fn/-/mimic-fn-2.1.0.tgz",
			"integrity": "sha512-OqbOk5oEQeAZ8WXWydlu9HJjz9WVdEIvamMCcXmuqUYjTknH/sqsWvhQ3vgwKFRR1HpjvNBKQ37nbJgYzGqGcg=="
		},
		"miniget": {
			"version": "4.2.2",
			"resolved": "https://registry.npmjs.org/miniget/-/miniget-4.2.2.tgz",
			"integrity": "sha512-a7voNL1N5lDMxvTMExOkg+Fq89jM2vY8pAi9ZEWzZtfNmdfP6RXkvUtFnCAXoCv2T9k1v/fUJVaAEuepGcvLYA=="
		},
		"ms": {
			"version": "2.1.2",
			"resolved": "https://registry.npmjs.org/ms/-/ms-2.1.2.tgz",
			"integrity": "sha512-sGkPx+VjMtmA6MX27oA4FBFELFCZZ4S4XqeGOXCv68tT+jb3vk/RyaKWP0PTKyWtmLSM0b+adUTEvbs1PEaH2w=="
		},
		"onetime": {
			"version": "5.1.2",
			"resolved": "https://registry.npmjs.org/onetime/-/onetime-5.1.2.tgz",
			"integrity": "sha512-kbpaSSGJTWdAY5KPVeMOKXSrPtr8C8C7wodJbcsd51jRnmD+GZu8Y0VoU6Dm5Z4vWr0Ig/1NKuWRKf7j5aaYSg==",
			"requires": {
				"mimic-fn": "^2.1.0"
			}
		},
		"parse-cache-control": {
			"version": "1.0.1",
			"resolved": "https://registry.npmjs.org/parse-cache-control/-/parse-cache-control-1.0.1.tgz",
			"integrity": "sha512-60zvsJReQPX5/QP0Kzfd/VrpjScIQ7SHBW6bFCYfEP+fp0Eppr1SHhIO5nd1PjZtvclzSzES9D/p5nFJurwfWg=="
		},
		"process-nextick-args": {
			"version": "2.0.1",
			"resolved": "https://registry.npmjs.org/process-nextick-args/-/process-nextick-args-2.0.1.tgz",
			"integrity": "sha512-3ouUOpQhtgrbOa17J7+uxOTpITYWaGP7/AhoR3+A+/1e9skrzelGi/dXzEYyvbxubEF6Wn2ypscTKiKJFFn1ag=="
		},
		"progress": {
			"version": "2.0.3",
			"resolved": "https://registry.npmjs.org/progress/-/progress-2.0.3.tgz",
			"integrity": "sha512-7PiHtLll5LdnKIMw100I+8xJXR5gW2QwWYkT6iJva0bXitZKa/XMrSbdmg3r2Xnaidz9Qumd0VPaMrZlF9V9sA=="
		},
		"readable-stream": {
			"version": "2.3.7",
			"resolved": "https://registry.npmjs.org/readable-stream/-/readable-stream-2.3.7.tgz",
			"integrity": "sha512-Ebho8K4jIbHAxnuxi7o42OrZgF/ZTNcsZj6nRKyUmkhLFq8CHItp/fy6hQZuZmP/n3yZ9VBUbp4zz/mX8hmYPw==",
			"requires": {
				"core-util-is": "~1.0.0",
				"inherits": "~2.0.3",
				"isarray": "~1.0.0",
				"process-nextick-args": "~2.0.0",
				"safe-buffer": "~5.1.1",
				"string_decoder": "~1.1.1",
				"util-deprecate": "~1.0.1"
			}
		},
		"restore-cursor": {
			"version": "4.0.0",
			"resolved": "https://registry.npmjs.org/restore-cursor/-/restore-cursor-4.0.0.tgz",
			"integrity": "sha512-I9fPXU9geO9bHOt9pHHOhOkYerIMsmVaWB0rA2AI9ERh/+x/i7MV5HKBNrg+ljO5eoPVgCcnFuRjJ9uH6I/3eg==",
			"requires": {
				"onetime": "^5.1.0",
				"signal-exit": "^3.0.2"
			}
		},
		"safe-buffer": {
			"version": "5.1.2",
			"resolved": "https://registry.npmjs.org/safe-buffer/-/safe-buffer-5.1.2.tgz",
			"integrity": "sha512-Gd2UZBJDkXlY7GbJxfsE8/nvKkUEU1G38c1siN6QP6a9PT9MmHB8GnpscSmMJSoF8LOIrt8ud/wPtojys4G6+g=="
		},
		"sanitize-filename": {
			"version": "1.6.3",
			"resolved": "https://registry.npmjs.org/sanitize-filename/-/sanitize-filename-1.6.3.tgz",
			"integrity": "sha512-y/52Mcy7aw3gRm7IrcGDFx/bCk4AhRh2eI9luHOQM86nZsqwiRkkq2GekHXBBD+SmPidc8i2PqtYZl+pWJ8Oeg==",
			"requires": {
				"truncate-utf8-bytes": "^1.0.0"
			}
		},
		"sax": {
			"version": "1.2.4",
			"resolved": "https://registry.npmjs.org/sax/-/sax-1.2.4.tgz",
			"integrity": "sha512-NqVDv9TpANUjFm0N8uM5GxL36UgKi9/atZw+x7YFnQ8ckwFGKrl4xX4yWtrey3UJm5nP1kUbnYgLopqWNSRhWw=="
		},
		"signal-exit": {
			"version": "3.0.7",
			"resolved": "https://registry.npmjs.org/signal-exit/-/signal-exit-3.0.7.tgz",
			"integrity": "sha512-wnD2ZE+l+SPC/uoS0vXeE9L1+0wuaMqKlfz9AMUo38JsyLSBWSFcHR1Rri62LZc12vLr1gb3jl7iwQhgwpAbGQ=="
		},
		"slice-ansi": {
			"version": "5.0.0",
			"resolved": "https://registry.npmjs.org/slice-ansi/-/slice-ansi-5.0.0.tgz",
			"integrity": "sha512-FC+lgizVPfie0kkhqUScwRu1O/lF6NOgJmlCgK+/LYxDCTk8sGelYaHDhFcDN+Sn3Cv+3VSa4Byeo+IMCzpMgQ==",
			"requires": {
				"ansi-styles": "^6.0.0",
				"is-fullwidth-code-point": "^4.0.0"
			}
		},
		"string_decoder": {
			"version": "1.1.1",
			"resolved": "https://registry.npmjs.org/string_decoder/-/string_decoder-1.1.1.tgz",
			"integrity": "sha512-n/ShnvDi6FHbbVfviro+WojiFzv+s8MPMHBczVePfUpDJLwoLT0ht1l4YwBCbi8pJAveEEdnkHyPyTP/mzRfwg==",
			"requires": {
				"safe-buffer": "~5.1.0"
			}
		},
		"string-width": {
			"version": "5.1.2",
			"resolved": "https://registry.npmjs.org/string-width/-/string-width-5.1.2.tgz",
			"integrity": "sha512-HnLOCR3vjcY8beoNLtcjZ5/nxn2afmME6lhrDrebokqMap+XbeW8n9TXpPDOqdGK5qcI3oT0GKTW6wC7EMiVqA==",
			"requires": {
				"eastasianwidth": "^0.2.0",
				"emoji-regex": "^9.2.2",
				"strip-ansi": "^7.0.1"
			}
		},
		"strip-ansi": {
			"version": "7.0.1",
			"resolved": "https://registry.npmjs.org/strip-ansi/-/strip-ansi-7.0.1.tgz",
			"integrity": "sha512-cXNxvT8dFNRVfhVME3JAe98mkXDYN2O1l7jmcwMnOslDeESg1rF/OZMtK0nRAhiari1unG5cD4jG3rapUAkLbw==",
			"requires": {
				"ansi-regex": "^6.0.1"
			}
		},
		"truncate-utf8-bytes": {
			"version": "1.0.2",
			"resolved": "https://registry.npmjs.org/truncate-utf8-bytes/-/truncate-utf8-bytes-1.0.2.tgz",
			"integrity": "sha512-95Pu1QXQvruGEhv62XCMO3Mm90GscOCClvrIUwCM0PYOXK3kaF3l3sIHxx71ThJfcbM2O5Au6SO3AWCSEfW4mQ==",
			"requires": {
				"utf8-byte-length": "^1.0.1"
			}
		},
		"type-fest": {
			"version": "1.4.0",
			"resolved": "https://registry.npmjs.org/type-fest/-/type-fest-1.4.0.tgz",
			"integrity": "sha512-yGSza74xk0UG8k+pLh5oeoYirvIiWo5t0/o3zHHAO2tRDiZcxWP7fywNlXhqb6/r6sWvwi+RsyQMWhVLe4BVuA=="
		},
		"typedarray": {
			"version": "0.0.6",
			"resolved": "https://registry.npmjs.org/typedarray/-/typedarray-0.0.6.tgz",
			"integrity": "sha512-/aCDEGatGvZ2BIk+HmLf4ifCJFwvKFNb9/JeZPMulfgFracn9QFcAf5GO8B/mweUjSoblS5In0cWhqpfs/5PQA=="
		},
		"typescript": {
			"version": "4.7.4",
			"resolved": "https://registry.npmjs.org/typescript/-/typescript-4.7.4.tgz",
			"integrity": "sha512-C0WQT0gezHuw6AdY1M2jxUO83Rjf0HP7Sk1DtXj6j1EwkQNZrHAg2XPWlq62oqEhYvONq5pkC2Y9oPljWToLmQ==",
			"dev": true
		},
		"utf8-byte-length": {
			"version": "1.0.4",
			"resolved": "https://registry.npmjs.org/utf8-byte-length/-/utf8-byte-length-1.0.4.tgz",
			"integrity": "sha512-4+wkEYLBbWxqTahEsWrhxepcoVOJ+1z5PGIjPZxRkytcdSUaNjIjBM7Xn8E+pdSuV7SzvWovBFA54FO0JSoqhA=="
		},
		"util-deprecate": {
			"version": "1.0.2",
			"resolved": "https://registry.npmjs.org/util-deprecate/-/util-deprecate-1.0.2.tgz",
			"integrity": "sha512-EPD5q1uXyFxJpCrLnCc1nHnq3gOa6DZBocAIiI2TaSCA7VCJ1UJDMagCzIkXNsUYfD1daK//LTEQ8xiIbrHtcw=="
		},
		"wrap-ansi": {
			"version": "8.0.1",
			"resolved": "https://registry.npmjs.org/wrap-ansi/-/wrap-ansi-8.0.1.tgz",
			"integrity": "sha512-QFF+ufAqhoYHvoHdajT/Po7KoXVBPXS2bgjIam5isfWJPfIOnQZ50JtUiVvCv/sjgacf3yRrt2ZKUZ/V4itN4g==",
			"requires": {
				"ansi-styles": "^6.1.0",
				"string-width": "^5.0.1",
				"strip-ansi": "^7.0.1"
			}
		},
		"ytdl-core": {
			"version": "4.11.0",
			"resolved": "https://registry.npmjs.org/ytdl-core/-/ytdl-core-4.11.0.tgz",
			"integrity": "sha512-Q3hCLiUA9AOGQXzPvno14GN+HgF9wsO1ZBHlj0COTcyxjIyFpWvMfii0UC4/cAbVaIjEdbWB71GdcGuc4J1Lmw==",
			"requires": {
				"m3u8stream": "^0.8.6",
				"miniget": "^4.2.2",
				"sax": "^1.1.3"
			}
		}
	}
}
